// !$*UTF8*$!
{
	archiveVersion = 1;
	classes = {
	};
	objectVersion = 46;
	objects = {

/* Begin PBXBuildFile section */
		9479C32E1CA8570100761418 /* main.cpp in Sources */ = {isa = PBXBuildFile; fileRef = 9479C32D1CA8570100761418 /* main.cpp */; };
		9479C3371CA8571300761418 /* Board.cpp in Sources */ = {isa = PBXBuildFile; fileRef = 9479C3351CA8571300761418 /* Board.cpp */; };
		9479C33A1CA857F500761418 /* Tile.cpp in Sources */ = {isa = PBXBuildFile; fileRef = 9479C3381CA857F500761418 /* Tile.cpp */; };
		9479C33E1CA8587300761418 /* Rule.cpp in Sources */ = {isa = PBXBuildFile; fileRef = 9479C33C1CA8587300761418 /* Rule.cpp */; };
		9479C3411CA8591200761418 /* RotationRule.cpp in Sources */ = {isa = PBXBuildFile; fileRef = 9479C33F1CA8591200761418 /* RotationRule.cpp */; };
		9479C3441CA8595F00761418 /* ReversalRule.cpp in Sources */ = {isa = PBXBuildFile; fileRef = 9479C3421CA8595F00761418 /* ReversalRule.cpp */; };
		9479C3471CA8596B00761418 /* StagnationRule.cpp in Sources */ = {isa = PBXBuildFile; fileRef = 9479C3451CA8596B00761418 /* StagnationRule.cpp */; };
		9479C34B1CA85A5F00761418 /* FlatBoard.cpp in Sources */ = {isa = PBXBuildFile; fileRef = 9479C3491CA85A5F00761418 /* FlatBoard.cpp */; };
		9479C34E1CA85A7800761418 /* CircularBoard.cpp in Sources */ = {isa = PBXBuildFile; fileRef = 9479C34C1CA85A7800761418 /* CircularBoard.cpp */; };
		9479C3511CA9077300761418 /* Game.cpp in Sources */ = {isa = PBXBuildFile; fileRef = 9479C34F1CA9077300761418 /* Game.cpp */; };
		9479C3581CA9313C00761418 /* libncurses.tbd in Frameworks */ = {isa = PBXBuildFile; fileRef = 9479C3521CA930CA00761418 /* libncurses.tbd */; };
		9479C35C1CA9358400761418 /* Scene.cpp in Sources */ = {isa = PBXBuildFile; fileRef = 9479C35A1CA9358400761418 /* Scene.cpp */; };
		9479C35F1CA9358C00761418 /* EntranceScene.cpp in Sources */ = {isa = PBXBuildFile; fileRef = 9479C35D1CA9358C00761418 /* EntranceScene.cpp */; };
		9479C3631CA935B900761418 /* Settings.cpp in Sources */ = {isa = PBXBuildFile; fileRef = 9479C3611CA935B900761418 /* Settings.cpp */; };
		9479C3661CA939DD00761418 /* Director.cpp in Sources */ = {isa = PBXBuildFile; fileRef = 9479C3641CA939DD00761418 /* Director.cpp */; };
		9479C3691CA93E3300761418 /* LifeScene.cpp in Sources */ = {isa = PBXBuildFile; fileRef = 9479C3671CA93E3300761418 /* LifeScene.cpp */; };
		9479C36D1CA9496600761418 /* libmenu.tbd in Frameworks */ = {isa = PBXBuildFile; fileRef = 9479C36C1CA9496600761418 /* libmenu.tbd */; };
		9479C3711CA95A9300761418 /* EditorScene.cpp in Sources */ = {isa = PBXBuildFile; fileRef = 9479C36F1CA95A9300761418 /* EditorScene.cpp */; };
		9479C3741CA95AA300761418 /* AboutScene.cpp in Sources */ = {isa = PBXBuildFile; fileRef = 9479C3721CA95AA300761418 /* AboutScene.cpp */; };
		9479C37B1CA9A42200761418 /* CreationistRule.cpp in Sources */ = {isa = PBXBuildFile; fileRef = 9479C3791CA9A42200761418 /* CreationistRule.cpp */; };
		9479C37E1CAA441700761418 /* Window.cpp in Sources */ = {isa = PBXBuildFile; fileRef = 9479C37C1CAA441700761418 /* Window.cpp */; };
		9479C3821CAA6B1400761418 /* View.cpp in Sources */ = {isa = PBXBuildFile; fileRef = 9479C3801CAA6B1400761418 /* View.cpp */; };
		9479C3851CAA890600761418 /* Menu.cpp in Sources */ = {isa = PBXBuildFile; fileRef = 9479C3831CAA890600761418 /* Menu.cpp */; };
		9479C3881CAA8E2200761418 /* Sizable.cpp in Sources */ = {isa = PBXBuildFile; fileRef = 9479C3861CAA8E2200761418 /* Sizable.cpp */; };
		9479C38C1CAA9E3100761418 /* Drawable.cpp in Sources */ = {isa = PBXBuildFile; fileRef = 9479C38A1CAA9E3100761418 /* Drawable.cpp */; };
		9479C3A71CABAEA900761418 /* Listener.cpp in Sources */ = {isa = PBXBuildFile; fileRef = 9479C3A51CABAEA900761418 /* Listener.cpp */; };
		9479C3AA1CAC44C500761418 /* Label.cpp in Sources */ = {isa = PBXBuildFile; fileRef = 9479C3A81CAC44C500761418 /* Label.cpp */; };
		9479C3AF1CACF1BC00761418 /* ClassicRule.cpp in Sources */ = {isa = PBXBuildFile; fileRef = 9479C3AD1CACF1BC00761418 /* ClassicRule.cpp */; };
		9479C3B21CACF42000761418 /* SolitudeClassicRule.cpp in Sources */ = {isa = PBXBuildFile; fileRef = 9479C3B01CACF42000761418 /* SolitudeClassicRule.cpp */; };
		9479C3B51CACFCFD00761418 /* OverpopulationClassicRule.cpp in Sources */ = {isa = PBXBuildFile; fileRef = 9479C3B31CACFCFD00761418 /* OverpopulationClassicRule.cpp */; };
		9479C3B81CACFD4900761418 /* SurvivalClassicRule.cpp in Sources */ = {isa = PBXBuildFile; fileRef = 9479C3B61CACFD4900761418 /* SurvivalClassicRule.cpp */; };
		9479C3BB1CACFE5300761418 /* PopulationClassicRule.cpp in Sources */ = {isa = PBXBuildFile; fileRef = 9479C3B91CACFE5300761418 /* PopulationClassicRule.cpp */; };
		9479C3BE1CAD0F5700761418 /* SettingsScene.cpp in Sources */ = {isa = PBXBuildFile; fileRef = 9479C3BC1CAD0F5700761418 /* SettingsScene.cpp */; };
/* End PBXBuildFile section */

/* Begin PBXCopyFilesBuildPhase section */
		9479C3281CA8570100761418 /* CopyFiles */ = {
			isa = PBXCopyFilesBuildPhase;
			buildActionMask = 2147483647;
			dstPath = /usr/share/man/man1/;
			dstSubfolderSpec = 0;
			files = (
			);
			runOnlyForDeploymentPostprocessing = 1;
		};
/* End PBXCopyFilesBuildPhase section */

/* Begin PBXFileReference section */
		9479C32A1CA8570100761418 /* Ex1 */ = {isa = PBXFileReference; explicitFileType = "compiled.mach-o.executable"; includeInIndex = 0; path = Ex1; sourceTree = BUILT_PRODUCTS_DIR; };
		9479C32D1CA8570100761418 /* main.cpp */ = {isa = PBXFileReference; lastKnownFileType = sourcecode.cpp.cpp; path = main.cpp; sourceTree = "<group>"; };
		9479C3351CA8571300761418 /* Board.cpp */ = {isa = PBXFileReference; fileEncoding = 4; lastKnownFileType = sourcecode.cpp.cpp; path = Board.cpp; sourceTree = "<group>"; };
		9479C3361CA8571300761418 /* Board.hpp */ = {isa = PBXFileReference; fileEncoding = 4; lastKnownFileType = sourcecode.cpp.h; path = Board.hpp; sourceTree = "<group>"; };
		9479C3381CA857F500761418 /* Tile.cpp */ = {isa = PBXFileReference; fileEncoding = 4; lastKnownFileType = sourcecode.cpp.cpp; path = Tile.cpp; sourceTree = "<group>"; };
		9479C3391CA857F500761418 /* Tile.hpp */ = {isa = PBXFileReference; fileEncoding = 4; lastKnownFileType = sourcecode.cpp.h; path = Tile.hpp; sourceTree = "<group>"; };
		9479C33C1CA8587300761418 /* Rule.cpp */ = {isa = PBXFileReference; fileEncoding = 4; lastKnownFileType = sourcecode.cpp.cpp; path = Rule.cpp; sourceTree = "<group>"; };
		9479C33D1CA8587300761418 /* Rule.hpp */ = {isa = PBXFileReference; fileEncoding = 4; lastKnownFileType = sourcecode.cpp.h; path = Rule.hpp; sourceTree = "<group>"; };
		9479C33F1CA8591200761418 /* RotationRule.cpp */ = {isa = PBXFileReference; fileEncoding = 4; lastKnownFileType = sourcecode.cpp.cpp; path = RotationRule.cpp; sourceTree = "<group>"; };
		9479C3401CA8591200761418 /* RotationRule.hpp */ = {isa = PBXFileReference; fileEncoding = 4; lastKnownFileType = sourcecode.cpp.h; path = RotationRule.hpp; sourceTree = "<group>"; };
		9479C3421CA8595F00761418 /* ReversalRule.cpp */ = {isa = PBXFileReference; fileEncoding = 4; lastKnownFileType = sourcecode.cpp.cpp; path = ReversalRule.cpp; sourceTree = "<group>"; };
		9479C3431CA8595F00761418 /* ReversalRule.hpp */ = {isa = PBXFileReference; fileEncoding = 4; lastKnownFileType = sourcecode.cpp.h; path = ReversalRule.hpp; sourceTree = "<group>"; };
		9479C3451CA8596B00761418 /* StagnationRule.cpp */ = {isa = PBXFileReference; fileEncoding = 4; lastKnownFileType = sourcecode.cpp.cpp; path = StagnationRule.cpp; sourceTree = "<group>"; };
		9479C3461CA8596B00761418 /* StagnationRule.hpp */ = {isa = PBXFileReference; fileEncoding = 4; lastKnownFileType = sourcecode.cpp.h; path = StagnationRule.hpp; sourceTree = "<group>"; };
		9479C3491CA85A5F00761418 /* FlatBoard.cpp */ = {isa = PBXFileReference; fileEncoding = 4; lastKnownFileType = sourcecode.cpp.cpp; path = FlatBoard.cpp; sourceTree = "<group>"; };
		9479C34A1CA85A5F00761418 /* FlatBoard.hpp */ = {isa = PBXFileReference; fileEncoding = 4; lastKnownFileType = sourcecode.cpp.h; path = FlatBoard.hpp; sourceTree = "<group>"; };
		9479C34C1CA85A7800761418 /* CircularBoard.cpp */ = {isa = PBXFileReference; fileEncoding = 4; lastKnownFileType = sourcecode.cpp.cpp; path = CircularBoard.cpp; sourceTree = "<group>"; };
		9479C34D1CA85A7800761418 /* CircularBoard.hpp */ = {isa = PBXFileReference; fileEncoding = 4; lastKnownFileType = sourcecode.cpp.h; path = CircularBoard.hpp; sourceTree = "<group>"; };
		9479C34F1CA9077300761418 /* Game.cpp */ = {isa = PBXFileReference; fileEncoding = 4; lastKnownFileType = sourcecode.cpp.cpp; path = Game.cpp; sourceTree = "<group>"; };
		9479C3501CA9077300761418 /* Game.hpp */ = {isa = PBXFileReference; fileEncoding = 4; lastKnownFileType = sourcecode.cpp.h; path = Game.hpp; sourceTree = "<group>"; };
		9479C3521CA930CA00761418 /* libncurses.tbd */ = {isa = PBXFileReference; lastKnownFileType = "sourcecode.text-based-dylib-definition"; name = libncurses.tbd; path = usr/lib/libncurses.tbd; sourceTree = SDKROOT; };
		9479C35A1CA9358400761418 /* Scene.cpp */ = {isa = PBXFileReference; fileEncoding = 4; lastKnownFileType = sourcecode.cpp.cpp; path = Scene.cpp; sourceTree = "<group>"; };
		9479C35B1CA9358400761418 /* Scene.hpp */ = {isa = PBXFileReference; fileEncoding = 4; lastKnownFileType = sourcecode.cpp.h; path = Scene.hpp; sourceTree = "<group>"; };
		9479C35D1CA9358C00761418 /* EntranceScene.cpp */ = {isa = PBXFileReference; fileEncoding = 4; lastKnownFileType = sourcecode.cpp.cpp; path = EntranceScene.cpp; sourceTree = "<group>"; };
		9479C35E1CA9358C00761418 /* EntranceScene.hpp */ = {isa = PBXFileReference; fileEncoding = 4; lastKnownFileType = sourcecode.cpp.h; path = EntranceScene.hpp; sourceTree = "<group>"; };
		9479C3611CA935B900761418 /* Settings.cpp */ = {isa = PBXFileReference; fileEncoding = 4; lastKnownFileType = sourcecode.cpp.cpp; path = Settings.cpp; sourceTree = "<group>"; };
		9479C3621CA935B900761418 /* Settings.hpp */ = {isa = PBXFileReference; fileEncoding = 4; lastKnownFileType = sourcecode.cpp.h; path = Settings.hpp; sourceTree = "<group>"; };
		9479C3641CA939DD00761418 /* Director.cpp */ = {isa = PBXFileReference; fileEncoding = 4; lastKnownFileType = sourcecode.cpp.cpp; path = Director.cpp; sourceTree = "<group>"; };
		9479C3651CA939DD00761418 /* Director.hpp */ = {isa = PBXFileReference; fileEncoding = 4; lastKnownFileType = sourcecode.cpp.h; path = Director.hpp; sourceTree = "<group>"; };
		9479C3671CA93E3300761418 /* LifeScene.cpp */ = {isa = PBXFileReference; fileEncoding = 4; lastKnownFileType = sourcecode.cpp.cpp; path = LifeScene.cpp; sourceTree = "<group>"; };
		9479C3681CA93E3300761418 /* LifeScene.hpp */ = {isa = PBXFileReference; fileEncoding = 4; lastKnownFileType = sourcecode.cpp.h; path = LifeScene.hpp; sourceTree = "<group>"; };
		9479C36C1CA9496600761418 /* libmenu.tbd */ = {isa = PBXFileReference; lastKnownFileType = "sourcecode.text-based-dylib-definition"; name = libmenu.tbd; path = usr/lib/libmenu.tbd; sourceTree = SDKROOT; };
		9479C36F1CA95A9300761418 /* EditorScene.cpp */ = {isa = PBXFileReference; fileEncoding = 4; lastKnownFileType = sourcecode.cpp.cpp; path = EditorScene.cpp; sourceTree = "<group>"; };
		9479C3701CA95A9300761418 /* EditorScene.hpp */ = {isa = PBXFileReference; fileEncoding = 4; lastKnownFileType = sourcecode.cpp.h; path = EditorScene.hpp; sourceTree = "<group>"; };
		9479C3721CA95AA300761418 /* AboutScene.cpp */ = {isa = PBXFileReference; fileEncoding = 4; lastKnownFileType = sourcecode.cpp.cpp; path = AboutScene.cpp; sourceTree = "<group>"; };
		9479C3731CA95AA300761418 /* AboutScene.hpp */ = {isa = PBXFileReference; fileEncoding = 4; lastKnownFileType = sourcecode.cpp.h; path = AboutScene.hpp; sourceTree = "<group>"; };
		9479C3791CA9A42200761418 /* CreationistRule.cpp */ = {isa = PBXFileReference; fileEncoding = 4; lastKnownFileType = sourcecode.cpp.cpp; path = CreationistRule.cpp; sourceTree = "<group>"; };
		9479C37A1CA9A42200761418 /* CreationistRule.hpp */ = {isa = PBXFileReference; fileEncoding = 4; lastKnownFileType = sourcecode.cpp.h; path = CreationistRule.hpp; sourceTree = "<group>"; };
		9479C37C1CAA441700761418 /* Window.cpp */ = {isa = PBXFileReference; fileEncoding = 4; lastKnownFileType = sourcecode.cpp.cpp; path = Window.cpp; sourceTree = "<group>"; };
		9479C37D1CAA441700761418 /* Window.hpp */ = {isa = PBXFileReference; fileEncoding = 4; lastKnownFileType = sourcecode.cpp.h; path = Window.hpp; sourceTree = "<group>"; };
		9479C3801CAA6B1400761418 /* View.cpp */ = {isa = PBXFileReference; fileEncoding = 4; lastKnownFileType = sourcecode.cpp.cpp; path = View.cpp; sourceTree = "<group>"; };
		9479C3811CAA6B1400761418 /* View.hpp */ = {isa = PBXFileReference; fileEncoding = 4; lastKnownFileType = sourcecode.cpp.h; path = View.hpp; sourceTree = "<group>"; };
		9479C3831CAA890600761418 /* Menu.cpp */ = {isa = PBXFileReference; fileEncoding = 4; lastKnownFileType = sourcecode.cpp.cpp; path = Menu.cpp; sourceTree = "<group>"; };
		9479C3841CAA890600761418 /* Menu.hpp */ = {isa = PBXFileReference; fileEncoding = 4; lastKnownFileType = sourcecode.cpp.h; path = Menu.hpp; sourceTree = "<group>"; };
		9479C3861CAA8E2200761418 /* Sizable.cpp */ = {isa = PBXFileReference; fileEncoding = 4; lastKnownFileType = sourcecode.cpp.cpp; path = Sizable.cpp; sourceTree = "<group>"; };
		9479C3871CAA8E2200761418 /* Sizable.hpp */ = {isa = PBXFileReference; fileEncoding = 4; lastKnownFileType = sourcecode.cpp.h; path = Sizable.hpp; sourceTree = "<group>"; };
		9479C38A1CAA9E3100761418 /* Drawable.cpp */ = {isa = PBXFileReference; fileEncoding = 4; lastKnownFileType = sourcecode.cpp.cpp; path = Drawable.cpp; sourceTree = "<group>"; };
		9479C38B1CAA9E3100761418 /* Drawable.hpp */ = {isa = PBXFileReference; fileEncoding = 4; lastKnownFileType = sourcecode.cpp.h; path = Drawable.hpp; sourceTree = "<group>"; };
		9479C3901CAB024300761418 /* makefile */ = {isa = PBXFileReference; fileEncoding = 4; lastKnownFileType = sourcecode.make; path = makefile; sourceTree = "<group>"; };
		9479C3991CAB9B3500761418 /* Readme.md */ = {isa = PBXFileReference; fileEncoding = 4; lastKnownFileType = net.daringfireball.markdown; path = Readme.md; sourceTree = "<group>"; };
		9479C3A51CABAEA900761418 /* Listener.cpp */ = {isa = PBXFileReference; fileEncoding = 4; lastKnownFileType = sourcecode.cpp.cpp; path = Listener.cpp; sourceTree = "<group>"; };
		9479C3A61CABAEA900761418 /* Listener.hpp */ = {isa = PBXFileReference; fileEncoding = 4; lastKnownFileType = sourcecode.cpp.h; path = Listener.hpp; sourceTree = "<group>"; };
		9479C3A81CAC44C500761418 /* Label.cpp */ = {isa = PBXFileReference; fileEncoding = 4; lastKnownFileType = sourcecode.cpp.cpp; path = Label.cpp; sourceTree = "<group>"; };
		9479C3A91CAC44C500761418 /* Label.hpp */ = {isa = PBXFileReference; fileEncoding = 4; lastKnownFileType = sourcecode.cpp.h; path = Label.hpp; sourceTree = "<group>"; };
		9479C3AD1CACF1BC00761418 /* ClassicRule.cpp */ = {isa = PBXFileReference; fileEncoding = 4; lastKnownFileType = sourcecode.cpp.cpp; path = ClassicRule.cpp; sourceTree = "<group>"; };
		9479C3AE1CACF1BC00761418 /* ClassicRule.hpp */ = {isa = PBXFileReference; fileEncoding = 4; lastKnownFileType = sourcecode.cpp.h; path = ClassicRule.hpp; sourceTree = "<group>"; };
		9479C3B01CACF42000761418 /* SolitudeClassicRule.cpp */ = {isa = PBXFileReference; fileEncoding = 4; lastKnownFileType = sourcecode.cpp.cpp; path = SolitudeClassicRule.cpp; sourceTree = "<group>"; };
		9479C3B11CACF42000761418 /* SolitudeClassicRule.hpp */ = {isa = PBXFileReference; fileEncoding = 4; lastKnownFileType = sourcecode.cpp.h; path = SolitudeClassicRule.hpp; sourceTree = "<group>"; };
		9479C3B31CACFCFD00761418 /* OverpopulationClassicRule.cpp */ = {isa = PBXFileReference; fileEncoding = 4; lastKnownFileType = sourcecode.cpp.cpp; path = OverpopulationClassicRule.cpp; sourceTree = "<group>"; };
		9479C3B41CACFCFD00761418 /* OverpopulationClassicRule.hpp */ = {isa = PBXFileReference; fileEncoding = 4; lastKnownFileType = sourcecode.cpp.h; path = OverpopulationClassicRule.hpp; sourceTree = "<group>"; };
		9479C3B61CACFD4900761418 /* SurvivalClassicRule.cpp */ = {isa = PBXFileReference; fileEncoding = 4; lastKnownFileType = sourcecode.cpp.cpp; path = SurvivalClassicRule.cpp; sourceTree = "<group>"; };
		9479C3B71CACFD4900761418 /* SurvivalClassicRule.hpp */ = {isa = PBXFileReference; fileEncoding = 4; lastKnownFileType = sourcecode.cpp.h; path = SurvivalClassicRule.hpp; sourceTree = "<group>"; };
		9479C3B91CACFE5300761418 /* PopulationClassicRule.cpp */ = {isa = PBXFileReference; fileEncoding = 4; lastKnownFileType = sourcecode.cpp.cpp; path = PopulationClassicRule.cpp; sourceTree = "<group>"; };
		9479C3BA1CACFE5300761418 /* PopulationClassicRule.hpp */ = {isa = PBXFileReference; fileEncoding = 4; lastKnownFileType = sourcecode.cpp.h; path = PopulationClassicRule.hpp; sourceTree = "<group>"; };
		9479C3BC1CAD0F5700761418 /* SettingsScene.cpp */ = {isa = PBXFileReference; fileEncoding = 4; lastKnownFileType = sourcecode.cpp.cpp; path = SettingsScene.cpp; sourceTree = "<group>"; };
		9479C3BD1CAD0F5700761418 /* SettingsScene.hpp */ = {isa = PBXFileReference; fileEncoding = 4; lastKnownFileType = sourcecode.cpp.h; path = SettingsScene.hpp; sourceTree = "<group>"; };
		9479C3BF1CAD40EC00761418 /* image1.png */ = {isa = PBXFileReference; lastKnownFileType = image.png; name = image1.png; path = Images/image1.png; sourceTree = "<group>"; };
		9479C3C01CAD40EC00761418 /* image2.png */ = {isa = PBXFileReference; lastKnownFileType = image.png; name = image2.png; path = Images/image2.png; sourceTree = "<group>"; };
		9479C3C11CAD40EC00761418 /* image3.png */ = {isa = PBXFileReference; lastKnownFileType = image.png; name = image3.png; path = Images/image3.png; sourceTree = "<group>"; };
		9479C3C21CAD40EC00761418 /* image4.png */ = {isa = PBXFileReference; lastKnownFileType = image.png; name = image4.png; path = Images/image4.png; sourceTree = "<group>"; };
/* End PBXFileReference section */

/* Begin PBXFrameworksBuildPhase section */
		9479C3271CA8570100761418 /* Frameworks */ = {
			isa = PBXFrameworksBuildPhase;
			buildActionMask = 2147483647;
			files = (
				9479C36D1CA9496600761418 /* libmenu.tbd in Frameworks */,
				9479C3581CA9313C00761418 /* libncurses.tbd in Frameworks */,
			);
			runOnlyForDeploymentPostprocessing = 0;
		};
/* End PBXFrameworksBuildPhase section */

/* Begin PBXGroup section */
		9479C3211CA8570100761418 = {
			isa = PBXGroup;
			children = (
				9479C3941CAB9A1A00761418 /* Readme */,
				9479C36C1CA9496600761418 /* libmenu.tbd */,
				9479C3521CA930CA00761418 /* libncurses.tbd */,
				9479C32C1CA8570100761418 /* Ex1 */,
				9479C32B1CA8570100761418 /* Products */,
			);
			sourceTree = "<group>";
		};
		9479C32B1CA8570100761418 /* Products */ = {
			isa = PBXGroup;
			children = (
				9479C32A1CA8570100761418 /* Ex1 */,
			);
			name = Products;
			sourceTree = "<group>";
		};
		9479C32C1CA8570100761418 /* Ex1 */ = {
			isa = PBXGroup;
			children = (
				9479C39B1CABAA1000761418 /* Interaction */,
				9479C3891CAA8E2900761418 /* Interfaces */,
				9479C37F1CAA6B0100761418 /* GUI */,
				9479C3601CA9359E00761418 /* Singeltons */,
				9479C3591CA9357600761418 /* Scenes */,
				9479C33B1CA8586600761418 /* Rules */,
				9479C3341CA8570D00761418 /* Board */,
				9479C3501CA9077300761418 /* Game.hpp */,
				9479C34F1CA9077300761418 /* Game.cpp */,
				9479C32D1CA8570100761418 /* main.cpp */,
				9479C3901CAB024300761418 /* makefile */,
			);
			path = Ex1;
			sourceTree = "<group>";
		};
		9479C3341CA8570D00761418 /* Board */ = {
			isa = PBXGroup;
			children = (
				9479C3391CA857F500761418 /* Tile.hpp */,
				9479C3381CA857F500761418 /* Tile.cpp */,
				9479C3361CA8571300761418 /* Board.hpp */,
				9479C3351CA8571300761418 /* Board.cpp */,
				9479C34A1CA85A5F00761418 /* FlatBoard.hpp */,
				9479C3491CA85A5F00761418 /* FlatBoard.cpp */,
				9479C34D1CA85A7800761418 /* CircularBoard.hpp */,
				9479C34C1CA85A7800761418 /* CircularBoard.cpp */,
			);
			name = Board;
			sourceTree = "<group>";
		};
		9479C33B1CA8586600761418 /* Rules */ = {
			isa = PBXGroup;
			children = (
				9479C3AC1CACF1AD00761418 /* Classic */,
				9479C3AB1CACF1A400761418 /* Excercise */,
				9479C33D1CA8587300761418 /* Rule.hpp */,
				9479C33C1CA8587300761418 /* Rule.cpp */,
			);
			name = Rules;
			sourceTree = "<group>";
		};
		9479C3591CA9357600761418 /* Scenes */ = {
			isa = PBXGroup;
			children = (
				9479C35B1CA9358400761418 /* Scene.hpp */,
				9479C35A1CA9358400761418 /* Scene.cpp */,
				9479C35E1CA9358C00761418 /* EntranceScene.hpp */,
				9479C35D1CA9358C00761418 /* EntranceScene.cpp */,
				9479C3681CA93E3300761418 /* LifeScene.hpp */,
				9479C3671CA93E3300761418 /* LifeScene.cpp */,
				9479C3701CA95A9300761418 /* EditorScene.hpp */,
				9479C36F1CA95A9300761418 /* EditorScene.cpp */,
				9479C3BD1CAD0F5700761418 /* SettingsScene.hpp */,
				9479C3BC1CAD0F5700761418 /* SettingsScene.cpp */,
				9479C3731CA95AA300761418 /* AboutScene.hpp */,
				9479C3721CA95AA300761418 /* AboutScene.cpp */,
			);
			name = Scenes;
			sourceTree = "<group>";
		};
		9479C3601CA9359E00761418 /* Singeltons */ = {
			isa = PBXGroup;
			children = (
				9479C3621CA935B900761418 /* Settings.hpp */,
				9479C3611CA935B900761418 /* Settings.cpp */,
				9479C3651CA939DD00761418 /* Director.hpp */,
				9479C3641CA939DD00761418 /* Director.cpp */,
			);
			name = Singeltons;
			sourceTree = "<group>";
		};
		9479C37F1CAA6B0100761418 /* GUI */ = {
			isa = PBXGroup;
			children = (
				9479C3841CAA890600761418 /* Menu.hpp */,
				9479C3831CAA890600761418 /* Menu.cpp */,
				9479C3A91CAC44C500761418 /* Label.hpp */,
				9479C3A81CAC44C500761418 /* Label.cpp */,
				9479C3811CAA6B1400761418 /* View.hpp */,
				9479C3801CAA6B1400761418 /* View.cpp */,
				9479C37D1CAA441700761418 /* Window.hpp */,
				9479C37C1CAA441700761418 /* Window.cpp */,
			);
			name = GUI;
			sourceTree = "<group>";
		};
		9479C3891CAA8E2900761418 /* Interfaces */ = {
			isa = PBXGroup;
			children = (
				9479C3871CAA8E2200761418 /* Sizable.hpp */,
				9479C3861CAA8E2200761418 /* Sizable.cpp */,
				9479C38B1CAA9E3100761418 /* Drawable.hpp */,
				9479C38A1CAA9E3100761418 /* Drawable.cpp */,
			);
			name = Interfaces;
			sourceTree = "<group>";
		};
		9479C3941CAB9A1A00761418 /* Readme */ = {
			isa = PBXGroup;
			children = (
				9479C3991CAB9B3500761418 /* Readme.md */,
				9479C3BF1CAD40EC00761418 /* image1.png */,
				9479C3C01CAD40EC00761418 /* image2.png */,
				9479C3C11CAD40EC00761418 /* image3.png */,
				9479C3C21CAD40EC00761418 /* image4.png */,
			);
			name = Readme;
			sourceTree = "<group>";
		};
		9479C39B1CABAA1000761418 /* Interaction */ = {
			isa = PBXGroup;
			children = (
				9479C3A61CABAEA900761418 /* Listener.hpp */,
				9479C3A51CABAEA900761418 /* Listener.cpp */,
			);
			name = Interaction;
			sourceTree = "<group>";
		};
		9479C3AB1CACF1A400761418 /* Excercise */ = {
			isa = PBXGroup;
			children = (
				9479C3401CA8591200761418 /* RotationRule.hpp */,
				9479C33F1CA8591200761418 /* RotationRule.cpp */,
				9479C3431CA8595F00761418 /* ReversalRule.hpp */,
				9479C3421CA8595F00761418 /* ReversalRule.cpp */,
				9479C3461CA8596B00761418 /* StagnationRule.hpp */,
				9479C3451CA8596B00761418 /* StagnationRule.cpp */,
				9479C37A1CA9A42200761418 /* CreationistRule.hpp */,
				9479C3791CA9A42200761418 /* CreationistRule.cpp */,
			);
			name = Excercise;
			sourceTree = "<group>";
		};
		9479C3AC1CACF1AD00761418 /* Classic */ = {
			isa = PBXGroup;
			children = (
				9479C3AE1CACF1BC00761418 /* ClassicRule.hpp */,
				9479C3AD1CACF1BC00761418 /* ClassicRule.cpp */,
				9479C3B11CACF42000761418 /* SolitudeClassicRule.hpp */,
				9479C3B01CACF42000761418 /* SolitudeClassicRule.cpp */,
				9479C3B41CACFCFD00761418 /* OverpopulationClassicRule.hpp */,
				9479C3B31CACFCFD00761418 /* OverpopulationClassicRule.cpp */,
				9479C3B71CACFD4900761418 /* SurvivalClassicRule.hpp */,
				9479C3B61CACFD4900761418 /* SurvivalClassicRule.cpp */,
				9479C3BA1CACFE5300761418 /* PopulationClassicRule.hpp */,
				9479C3B91CACFE5300761418 /* PopulationClassicRule.cpp */,
			);
			name = Classic;
			sourceTree = "<group>";
		};
/* End PBXGroup section */

/* Begin PBXNativeTarget section */
		9479C3291CA8570100761418 /* Ex1 */ = {
			isa = PBXNativeTarget;
			buildConfigurationList = 9479C3311CA8570100761418 /* Build configuration list for PBXNativeTarget "Ex1" */;
			buildPhases = (
				9479C3261CA8570100761418 /* Sources */,
				9479C3271CA8570100761418 /* Frameworks */,
				9479C3281CA8570100761418 /* CopyFiles */,
			);
			buildRules = (
			);
			dependencies = (
			);
			name = Ex1;
			productName = Ex1;
			productReference = 9479C32A1CA8570100761418 /* Ex1 */;
			productType = "com.apple.product-type.tool";
		};
/* End PBXNativeTarget section */

/* Begin PBXProject section */
		9479C3221CA8570100761418 /* Project object */ = {
			isa = PBXProject;
			attributes = {
				LastUpgradeCheck = 0720;
				ORGANIZATIONNAME = "Maxim Vainshtein";
				TargetAttributes = {
					9479C3291CA8570100761418 = {
						CreatedOnToolsVersion = 7.2.1;
					};
				};
			};
			buildConfigurationList = 9479C3251CA8570100761418 /* Build configuration list for PBXProject "Ex1" */;
			compatibilityVersion = "Xcode 3.2";
			developmentRegion = English;
			hasScannedForEncodings = 0;
			knownRegions = (
				en,
			);
			mainGroup = 9479C3211CA8570100761418;
			productRefGroup = 9479C32B1CA8570100761418 /* Products */;
			projectDirPath = "";
			projectRoot = "";
			targets = (
				9479C3291CA8570100761418 /* Ex1 */,
			);
		};
/* End PBXProject section */

/* Begin PBXSourcesBuildPhase section */
		9479C3261CA8570100761418 /* Sources */ = {
			isa = PBXSourcesBuildPhase;
			buildActionMask = 2147483647;
			files = (
				9479C33A1CA857F500761418 /* Tile.cpp in Sources */,
				9479C3B81CACFD4900761418 /* SurvivalClassicRule.cpp in Sources */,
				9479C38C1CAA9E3100761418 /* Drawable.cpp in Sources */,
				9479C3741CA95AA300761418 /* AboutScene.cpp in Sources */,
				9479C3411CA8591200761418 /* RotationRule.cpp in Sources */,
				9479C3B21CACF42000761418 /* SolitudeClassicRule.cpp in Sources */,
				9479C37E1CAA441700761418 /* Window.cpp in Sources */,
				9479C3821CAA6B1400761418 /* View.cpp in Sources */,
				9479C3AA1CAC44C500761418 /* Label.cpp in Sources */,
				9479C33E1CA8587300761418 /* Rule.cpp in Sources */,
				9479C3BE1CAD0F5700761418 /* SettingsScene.cpp in Sources */,
				9479C3631CA935B900761418 /* Settings.cpp in Sources */,
				9479C3471CA8596B00761418 /* StagnationRule.cpp in Sources */,
				9479C3711CA95A9300761418 /* EditorScene.cpp in Sources */,
				9479C3371CA8571300761418 /* Board.cpp in Sources */,
				9479C34E1CA85A7800761418 /* CircularBoard.cpp in Sources */,
				9479C37B1CA9A42200761418 /* CreationistRule.cpp in Sources */,
				9479C3B51CACFCFD00761418 /* OverpopulationClassicRule.cpp in Sources */,
				9479C3661CA939DD00761418 /* Director.cpp in Sources */,
				9479C35C1CA9358400761418 /* Scene.cpp in Sources */,
				9479C34B1CA85A5F00761418 /* FlatBoard.cpp in Sources */,
				9479C35F1CA9358C00761418 /* EntranceScene.cpp in Sources */,
				9479C3BB1CACFE5300761418 /* PopulationClassicRule.cpp in Sources */,
				9479C3881CAA8E2200761418 /* Sizable.cpp in Sources */,
				9479C3691CA93E3300761418 /* LifeScene.cpp in Sources */,
				9479C3AF1CACF1BC00761418 /* ClassicRule.cpp in Sources */,
				9479C32E1CA8570100761418 /* main.cpp in Sources */,
				9479C3851CAA890600761418 /* Menu.cpp in Sources */,
				9479C3441CA8595F00761418 /* ReversalRule.cpp in Sources */,
				9479C3511CA9077300761418 /* Game.cpp in Sources */,
				9479C3A71CABAEA900761418 /* Listener.cpp in Sources */,
			);
			runOnlyForDeploymentPostprocessing = 0;
		};
/* End PBXSourcesBuildPhase section */

/* Begin XCBuildConfiguration section */
		9479C32F1CA8570100761418 /* Debug */ = {
			isa = XCBuildConfiguration;
			buildSettings = {
				ALWAYS_SEARCH_USER_PATHS = NO;
				CLANG_CXX_LANGUAGE_STANDARD = "gnu++0x";
				CLANG_CXX_LIBRARY = "libc++";
				CLANG_ENABLE_MODULES = YES;
				CLANG_ENABLE_OBJC_ARC = YES;
				CLANG_WARN_BOOL_CONVERSION = YES;
				CLANG_WARN_CONSTANT_CONVERSION = YES;
				CLANG_WARN_DIRECT_OBJC_ISA_USAGE = YES_ERROR;
				CLANG_WARN_EMPTY_BODY = YES;
				CLANG_WARN_ENUM_CONVERSION = YES;
				CLANG_WARN_INT_CONVERSION = YES;
				CLANG_WARN_OBJC_ROOT_CLASS = YES_ERROR;
				CLANG_WARN_UNREACHABLE_CODE = YES;
				CLANG_WARN__DUPLICATE_METHOD_MATCH = YES;
				CODE_SIGN_IDENTITY = "-";
				COPY_PHASE_STRIP = NO;
				DEBUG_INFORMATION_FORMAT = dwarf;
				ENABLE_STRICT_OBJC_MSGSEND = YES;
				ENABLE_TESTABILITY = YES;
				GCC_C_LANGUAGE_STANDARD = gnu99;
				GCC_DYNAMIC_NO_PIC = NO;
				GCC_NO_COMMON_BLOCKS = YES;
				GCC_OPTIMIZATION_LEVEL = 0;
				GCC_PREPROCESSOR_DEFINITIONS = (
					"DEBUG=1",
					"$(inherited)",
				);
				GCC_WARN_64_TO_32_BIT_CONVERSION = YES;
				GCC_WARN_ABOUT_RETURN_TYPE = YES_ERROR;
				GCC_WARN_UNDECLARED_SELECTOR = YES;
				GCC_WARN_UNINITIALIZED_AUTOS = YES_AGGRESSIVE;
				GCC_WARN_UNUSED_FUNCTION = YES;
				GCC_WARN_UNUSED_VARIABLE = YES;
				MACOSX_DEPLOYMENT_TARGET = 10.11;
				MTL_ENABLE_DEBUG_INFO = YES;
				ONLY_ACTIVE_ARCH = YES;
				SDKROOT = macosx;
			};
			name = Debug;
		};
		9479C3301CA8570100761418 /* Release */ = {
			isa = XCBuildConfiguration;
			buildSettings = {
				ALWAYS_SEARCH_USER_PATHS = NO;
				CLANG_CXX_LANGUAGE_STANDARD = "gnu++0x";
				CLANG_CXX_LIBRARY = "libc++";
				CLANG_ENABLE_MODULES = YES;
				CLANG_ENABLE_OBJC_ARC = YES;
				CLANG_WARN_BOOL_CONVERSION = YES;
				CLANG_WARN_CONSTANT_CONVERSION = YES;
				CLANG_WARN_DIRECT_OBJC_ISA_USAGE = YES_ERROR;
				CLANG_WARN_EMPTY_BODY = YES;
				CLANG_WARN_ENUM_CONVERSION = YES;
				CLANG_WARN_INT_CONVERSION = YES;
				CLANG_WARN_OBJC_ROOT_CLASS = YES_ERROR;
				CLANG_WARN_UNREACHABLE_CODE = YES;
				CLANG_WARN__DUPLICATE_METHOD_MATCH = YES;
				CODE_SIGN_IDENTITY = "-";
				COPY_PHASE_STRIP = NO;
				DEBUG_INFORMATION_FORMAT = "dwarf-with-dsym";
				ENABLE_NS_ASSERTIONS = NO;
				ENABLE_STRICT_OBJC_MSGSEND = YES;
				GCC_C_LANGUAGE_STANDARD = gnu99;
				GCC_NO_COMMON_BLOCKS = YES;
				GCC_WARN_64_TO_32_BIT_CONVERSION = YES;
				GCC_WARN_ABOUT_RETURN_TYPE = YES_ERROR;
				GCC_WARN_UNDECLARED_SELECTOR = YES;
				GCC_WARN_UNINITIALIZED_AUTOS = YES_AGGRESSIVE;
				GCC_WARN_UNUSED_FUNCTION = YES;
				GCC_WARN_UNUSED_VARIABLE = YES;
				MACOSX_DEPLOYMENT_TARGET = 10.11;
				MTL_ENABLE_DEBUG_INFO = NO;
				SDKROOT = macosx;
			};
			name = Release;
		};
		9479C3321CA8570100761418 /* Debug */ = {
			isa = XCBuildConfiguration;
			buildSettings = {
				CLANG_CXX_LANGUAGE_STANDARD = "gnu++98";
				PRODUCT_NAME = "$(TARGET_NAME)";
			};
			name = Debug;
		};
		9479C3331CA8570100761418 /* Release */ = {
			isa = XCBuildConfiguration;
			buildSettings = {
				CLANG_CXX_LANGUAGE_STANDARD = "gnu++98";
				PRODUCT_NAME = "$(TARGET_NAME)";
			};
			name = Release;
		};
/* End XCBuildConfiguration section */

/* Begin XCConfigurationList section */
		9479C3251CA8570100761418 /* Build configuration list for PBXProject "Ex1" */ = {
			isa = XCConfigurationList;
			buildConfigurations = (
				9479C32F1CA8570100761418 /* Debug */,
				9479C3301CA8570100761418 /* Release */,
			);
			defaultConfigurationIsVisible = 0;
			defaultConfigurationName = Release;
		};
		9479C3311CA8570100761418 /* Build configuration list for PBXNativeTarget "Ex1" */ = {
			isa = XCConfigurationList;
			buildConfigurations = (
				9479C3321CA8570100761418 /* Debug */,
				9479C3331CA8570100761418 /* Release */,
			);
			defaultConfigurationIsVisible = 0;
		};
/* End XCConfigurationList section */
	};
	rootObject = 9479C3221CA8570100761418 /* Project object */;
}
